// !$*UTF8*$!
{
	archiveVersion = 1;
	classes = {
	};
	objectVersion = 48;
	objects = {

/* Begin PBXBuildFile section */
		AA12B1EE1F6E328000F9C115 /* AppDelegate.swift in Sources */ = {isa = PBXBuildFile; fileRef = AA12B1ED1F6E328000F9C115 /* AppDelegate.swift */; };
		AA12B1F51F6E328000F9C115 /* Assets.xcassets in Resources */ = {isa = PBXBuildFile; fileRef = AA12B1F41F6E328000F9C115 /* Assets.xcassets */; };
		AA12B20E1F6E3D6100F9C115 /* NSObject_Utils.swift in Sources */ = {isa = PBXBuildFile; fileRef = AA12B20D1F6E3D6100F9C115 /* NSObject_Utils.swift */; };
		AA12B2271F6E509300F9C115 /* AlarmTableViewController.swift in Sources */ = {isa = PBXBuildFile; fileRef = AA12B2261F6E509300F9C115 /* AlarmTableViewController.swift */; };
		AA12B2281F6E51C600F9C115 /* AlarmViewController.swift in Sources */ = {isa = PBXBuildFile; fileRef = AA12B2251F6E505C00F9C115 /* AlarmViewController.swift */; };
		AA12B22A1F6E51EB00F9C115 /* AlarmButtonController.swift in Sources */ = {isa = PBXBuildFile; fileRef = AA12B2291F6E51EB00F9C115 /* AlarmButtonController.swift */; };
		AA12B22C1F6E616F00F9C115 /* UITableViewCell_Utils.swift in Sources */ = {isa = PBXBuildFile; fileRef = AA12B22B1F6E616F00F9C115 /* UITableViewCell_Utils.swift */; };
		AA12B2321F6E648300F9C115 /* LaunchScreen.storyboard in Resources */ = {isa = PBXBuildFile; fileRef = AA12B22E1F6E647B00F9C115 /* LaunchScreen.storyboard */; };
		AA12B2331F6E648700F9C115 /* Main.storyboard in Resources */ = {isa = PBXBuildFile; fileRef = AA12B2301F6E647B00F9C115 /* Main.storyboard */; };
		AA2CFC251F6F0FFF008B0A5E /* UserDefaults_Utils.swift in Sources */ = {isa = PBXBuildFile; fileRef = AA2CFC241F6F0FFF008B0A5E /* UserDefaults_Utils.swift */; };
		AA2CFC271F6F130D008B0A5E /* Int_Utils.swift in Sources */ = {isa = PBXBuildFile; fileRef = AA2CFC261F6F130D008B0A5E /* Int_Utils.swift */; };
		AA2CFC291F6F134B008B0A5E /* Bool_Utils.swift in Sources */ = {isa = PBXBuildFile; fileRef = AA2CFC281F6F134B008B0A5E /* Bool_Utils.swift */; };
		AA2CFC2B1F6F2F2A008B0A5E /* NSArray_Utils.swift in Sources */ = {isa = PBXBuildFile; fileRef = AA2CFC2A1F6F2F2A008B0A5E /* NSArray_Utils.swift */; };
		AA65E4331F713C6300E6AD56 /* Date_Utils.swift in Sources */ = {isa = PBXBuildFile; fileRef = AAF791121F6FC1CA00590C48 /* Date_Utils.swift */; };
		AA65E4341F713CF900E6AD56 /* SoundMgr.swift in Sources */ = {isa = PBXBuildFile; fileRef = AAB638181F70FF180050EB33 /* SoundMgr.swift */; };
		AA9BB8A81F7093690026FB84 /* UserNotificationMgr.swift in Sources */ = {isa = PBXBuildFile; fileRef = AA9BB8A71F7093690026FB84 /* UserNotificationMgr.swift */; };
		AAA1263D1F76142700D69095 /* AddSoundData.swift in Sources */ = {isa = PBXBuildFile; fileRef = AAA1263C1F76142700D69095 /* AddSoundData.swift */; };
		AAA1263F1F7614E300D69095 /* Constants.swift in Sources */ = {isa = PBXBuildFile; fileRef = AAA1263E1F7614E300D69095 /* Constants.swift */; };
		AAA126411F761BBF00D69095 /* UITableView_Utils.swift in Sources */ = {isa = PBXBuildFile; fileRef = AAA126401F761BBF00D69095 /* UITableView_Utils.swift */; };
		AAB638171F70EB670050EB33 /* Bundle_Utils.swift in Sources */ = {isa = PBXBuildFile; fileRef = AAB638161F70EB670050EB33 /* Bundle_Utils.swift */; };
		AAB638191F70FF180050EB33 /* SoundMgr.swift in Sources */ = {isa = PBXBuildFile; fileRef = AAB638181F70FF180050EB33 /* SoundMgr.swift */; };
		AAB76B0D1F6EEB5000D25843 /* NotificationMessages.swift in Sources */ = {isa = PBXBuildFile; fileRef = AAB76B0C1F6EEB5000D25843 /* NotificationMessages.swift */; };
		AAB76B0F1F6EEBEE00D25843 /* NotificationName_Utils.swift in Sources */ = {isa = PBXBuildFile; fileRef = AAB76B0E1F6EEBEE00D25843 /* NotificationName_Utils.swift */; };
		AAD104161F6F396500C93396 /* Array_Utils.swift in Sources */ = {isa = PBXBuildFile; fileRef = AAD104151F6F396500C93396 /* Array_Utils.swift */; };
		AAD429451F6E65D00082BF5A /* alertTable.strings in Resources */ = {isa = PBXBuildFile; fileRef = AAD429431F6E65D00082BF5A /* alertTable.strings */; };
		AAD429481F6E66AF0082BF5A /* LocalizedStringKeys.swift in Sources */ = {isa = PBXBuildFile; fileRef = AAD429471F6E66AF0082BF5A /* LocalizedStringKeys.swift */; };
		AAF106D41F711CE000FD89DC /* UserNotifications.framework in Frameworks */ = {isa = PBXBuildFile; fileRef = AAF106D31F711CE000FD89DC /* UserNotifications.framework */; };
		AAF106D61F711CE000FD89DC /* UserNotificationsUI.framework in Frameworks */ = {isa = PBXBuildFile; fileRef = AAF106D51F711CE000FD89DC /* UserNotificationsUI.framework */; };
		AAF106D91F711CE000FD89DC /* NotificationViewController.swift in Sources */ = {isa = PBXBuildFile; fileRef = AAF106D81F711CE000FD89DC /* NotificationViewController.swift */; };
		AAF106DC1F711CE000FD89DC /* MainInterface.storyboard in Resources */ = {isa = PBXBuildFile; fileRef = AAF106DA1F711CE000FD89DC /* MainInterface.storyboard */; };
		AAF106E11F711CE000FD89DC /* PeelAlarmContentExtension.appex in Embed App Extensions */ = {isa = PBXBuildFile; fileRef = AAF106D11F711CE000FD89DC /* PeelAlarmContentExtension.appex */; settings = {ATTRIBUTES = (RemoveHeadersOnCopy, ); }; };
		AAF68E511F6E873300F609E3 /* AlarmItem.swift in Sources */ = {isa = PBXBuildFile; fileRef = AAF68E501F6E873300F609E3 /* AlarmItem.swift */; };
		AAF68E531F6E87D500F609E3 /* CustomStringConvertible_Utils.swift in Sources */ = {isa = PBXBuildFile; fileRef = AAF68E521F6E87D500F609E3 /* CustomStringConvertible_Utils.swift */; };
		AAF68E551F6E8ADF00F609E3 /* String_Utils.swift in Sources */ = {isa = PBXBuildFile; fileRef = AAF68E541F6E8ADF00F609E3 /* String_Utils.swift */; };
		AAF68E581F6ED6B800F609E3 /* ArchiveMgr.swift in Sources */ = {isa = PBXBuildFile; fileRef = AAF68E571F6ED6B800F609E3 /* ArchiveMgr.swift */; };
		AAF68E5A1F6EDA7200F609E3 /* FileManager_Utils.swift in Sources */ = {isa = PBXBuildFile; fileRef = AAF68E591F6EDA7200F609E3 /* FileManager_Utils.swift */; };
		AAF68E5C1F6EDCE000F609E3 /* AlarmDataController.swift in Sources */ = {isa = PBXBuildFile; fileRef = AAF68E5B1F6EDCE000F609E3 /* AlarmDataController.swift */; };
		AAF68E5E1F6EE07100F609E3 /* AlarmData.swift in Sources */ = {isa = PBXBuildFile; fileRef = AAF68E5D1F6EE07100F609E3 /* AlarmData.swift */; };
		AAF68E601F6EE0F400F609E3 /* NSLock_Utils.swift in Sources */ = {isa = PBXBuildFile; fileRef = AAF68E5F1F6EE0F400F609E3 /* NSLock_Utils.swift */; };
		AAF791061F6F965500590C48 /* UIAlertController_Utils.swift in Sources */ = {isa = PBXBuildFile; fileRef = AAF791051F6F965500590C48 /* UIAlertController_Utils.swift */; };
		AAF791091F6FA56E00590C48 /* AddAlarmViewController.swift in Sources */ = {isa = PBXBuildFile; fileRef = AAF791081F6FA56E00590C48 /* AddAlarmViewController.swift */; };
		AAF7910B1F6FA75100590C48 /* AddAlarmProtocol.swift in Sources */ = {isa = PBXBuildFile; fileRef = AAF7910A1F6FA75100590C48 /* AddAlarmProtocol.swift */; };
		AAF7910D1F6FA8E500590C48 /* AddAlarmButtonController.swift in Sources */ = {isa = PBXBuildFile; fileRef = AAF7910C1F6FA8E500590C48 /* AddAlarmButtonController.swift */; };
		AAF7910F1F6FB7BB00590C48 /* UIViewController_Utils.swift in Sources */ = {isa = PBXBuildFile; fileRef = AAF7910E1F6FB7BB00590C48 /* UIViewController_Utils.swift */; };
		AAF791111F6FBC3900590C48 /* AddAlarmPickerController.swift in Sources */ = {isa = PBXBuildFile; fileRef = AAF791101F6FBC3900590C48 /* AddAlarmPickerController.swift */; };
		AAF791131F6FC1CA00590C48 /* Date_Utils.swift in Sources */ = {isa = PBXBuildFile; fileRef = AAF791121F6FC1CA00590C48 /* Date_Utils.swift */; };
		AAF791151F7027B600590C48 /* AddAlarmTableViewController.swift in Sources */ = {isa = PBXBuildFile; fileRef = AAF791141F7027B600590C48 /* AddAlarmTableViewController.swift */; };
		AAF7911A1F7039BD00590C48 /* AddSoundViewController.swift in Sources */ = {isa = PBXBuildFile; fileRef = AAF791191F7039BD00590C48 /* AddSoundViewController.swift */; };
		AAF7911C1F7039E800590C48 /* AddImageViewController.swift in Sources */ = {isa = PBXBuildFile; fileRef = AAF7911B1F7039E800590C48 /* AddImageViewController.swift */; };
		AAF7911E1F7039FC00590C48 /* AddVideoViewController.swift in Sources */ = {isa = PBXBuildFile; fileRef = AAF7911D1F7039FC00590C48 /* AddVideoViewController.swift */; };
		AAF791201F703F0800590C48 /* AddImageButtonController.swift in Sources */ = {isa = PBXBuildFile; fileRef = AAF7911F1F703F0800590C48 /* AddImageButtonController.swift */; };
		AAF791221F703FA700590C48 /* AddSoundButtonController.swift in Sources */ = {isa = PBXBuildFile; fileRef = AAF791211F703FA700590C48 /* AddSoundButtonController.swift */; };
		AAF791241F703FB900590C48 /* AddVideoButtonController.swift in Sources */ = {isa = PBXBuildFile; fileRef = AAF791231F703FB900590C48 /* AddVideoButtonController.swift */; };
		AAF791261F7041E200590C48 /* AddVideoTableViewController.swift in Sources */ = {isa = PBXBuildFile; fileRef = AAF791251F7041E200590C48 /* AddVideoTableViewController.swift */; };
		AAF791281F70420500590C48 /* AddSoundTableViewController.swift in Sources */ = {isa = PBXBuildFile; fileRef = AAF791271F70420500590C48 /* AddSoundTableViewController.swift */; };
		AAF7912A1F70421F00590C48 /* AddImageTableViewController.swift in Sources */ = {isa = PBXBuildFile; fileRef = AAF791291F70421F00590C48 /* AddImageTableViewController.swift */; };
		AAF7912C1F70468200590C48 /* AddVideoProtocol.swift in Sources */ = {isa = PBXBuildFile; fileRef = AAF7912B1F70468200590C48 /* AddVideoProtocol.swift */; };
		AAF7912E1F70469300590C48 /* AddSoundProtocol.swift in Sources */ = {isa = PBXBuildFile; fileRef = AAF7912D1F70469300590C48 /* AddSoundProtocol.swift */; };
		AAF791301F70469E00590C48 /* AddImageProtocol.swift in Sources */ = {isa = PBXBuildFile; fileRef = AAF7912F1F70469E00590C48 /* AddImageProtocol.swift */; };
		AAF791321F705DEB00590C48 /* AddAlarmTextFieldController.swift in Sources */ = {isa = PBXBuildFile; fileRef = AAF791311F705DEB00590C48 /* AddAlarmTextFieldController.swift */; };
		AAF791341F708AFB00590C48 /* UIApplication_Utils.swift in Sources */ = {isa = PBXBuildFile; fileRef = AAF791331F708AFB00590C48 /* UIApplication_Utils.swift */; };
		AAFF98401F78436100F1D454 /* AddImageData.swift in Sources */ = {isa = PBXBuildFile; fileRef = AAFF983F1F78436100F1D454 /* AddImageData.swift */; };
		AAFF984B1F7844CB00F1D454 /* Alarm Clock Bell.caf in Resources */ = {isa = PBXBuildFile; fileRef = AAFF98441F7844A900F1D454 /* Alarm Clock Bell.caf */; };
		AAFF984C1F7844CF00F1D454 /* Big Waterfall.caf in Resources */ = {isa = PBXBuildFile; fileRef = AAFF98451F7844A900F1D454 /* Big Waterfall.caf */; };
		AAFF984D1F7844D100F1D454 /* Bubbles.caf in Resources */ = {isa = PBXBuildFile; fileRef = AAFF98461F7844A900F1D454 /* Bubbles.caf */; };
		AAFF984E1F7844D400F1D454 /* Canoe Paddle.caf in Resources */ = {isa = PBXBuildFile; fileRef = AAFF98471F7844A900F1D454 /* Canoe Paddle.caf */; };
		AAFF984F1F7844D600F1D454 /* Hard Rain.caf in Resources */ = {isa = PBXBuildFile; fileRef = AAFF98481F7844A900F1D454 /* Hard Rain.caf */; };
		AAFF98501F7844D900F1D454 /* Oh Yea.caf in Resources */ = {isa = PBXBuildFile; fileRef = AAFF98491F7844A900F1D454 /* Oh Yea.caf */; };
		AAFF98511F7844DC00F1D454 /* School Bell Ringing.caf in Resources */ = {isa = PBXBuildFile; fileRef = AAFF984A1F7844A900F1D454 /* School Bell Ringing.caf */; };
		AAFF985D1F78560D00F1D454 /* Colors.xcassets in Resources */ = {isa = PBXBuildFile; fileRef = AAFF985C1F78560D00F1D454 /* Colors.xcassets */; };
		AAFF98601F785C6900F1D454 /* Images.xcassets in Resources */ = {isa = PBXBuildFile; fileRef = AAFF985F1F785C6900F1D454 /* Images.xcassets */; };
		AAFF98621F7865D700F1D454 /* Images.xcassets in Resources */ = {isa = PBXBuildFile; fileRef = AAFF985F1F785C6900F1D454 /* Images.xcassets */; };
		AAFF98631F78674F00F1D454 /* Constants.swift in Sources */ = {isa = PBXBuildFile; fileRef = AAA1263E1F7614E300D69095 /* Constants.swift */; };
		AAFF98651F78678700F1D454 /* UIImage_Utils.swift in Sources */ = {isa = PBXBuildFile; fileRef = AAFF98641F78678700F1D454 /* UIImage_Utils.swift */; };
		AAFF98661F78678700F1D454 /* UIImage_Utils.swift in Sources */ = {isa = PBXBuildFile; fileRef = AAFF98641F78678700F1D454 /* UIImage_Utils.swift */; };
/* End PBXBuildFile section */

/* Begin PBXContainerItemProxy section */
		AAF106DE1F711CE000FD89DC /* PBXContainerItemProxy */ = {
			isa = PBXContainerItemProxy;
			containerPortal = AA12B1E21F6E328000F9C115 /* Project object */;
			proxyType = 1;
			remoteGlobalIDString = AAF106D01F711CE000FD89DC;
			remoteInfo = PeelAlarmContentExtension;
		};
/* End PBXContainerItemProxy section */

/* Begin PBXCopyFilesBuildPhase section */
		AAF106E01F711CE000FD89DC /* Embed App Extensions */ = {
			isa = PBXCopyFilesBuildPhase;
			buildActionMask = 2147483647;
			dstPath = "";
			dstSubfolderSpec = 13;
			files = (
				AAF106E11F711CE000FD89DC /* PeelAlarmContentExtension.appex in Embed App Extensions */,
			);
			name = "Embed App Extensions";
			runOnlyForDeploymentPostprocessing = 0;
		};
/* End PBXCopyFilesBuildPhase section */

/* Begin PBXFileReference section */
		AA12B1EA1F6E328000F9C115 /* PeelAlarm.app */ = {isa = PBXFileReference; explicitFileType = wrapper.application; includeInIndex = 0; path = PeelAlarm.app; sourceTree = BUILT_PRODUCTS_DIR; };
		AA12B1ED1F6E328000F9C115 /* AppDelegate.swift */ = {isa = PBXFileReference; lastKnownFileType = sourcecode.swift; path = AppDelegate.swift; sourceTree = "<group>"; };
		AA12B1F41F6E328000F9C115 /* Assets.xcassets */ = {isa = PBXFileReference; lastKnownFileType = folder.assetcatalog; path = Assets.xcassets; sourceTree = "<group>"; };
		AA12B1F91F6E328000F9C115 /* Info.plist */ = {isa = PBXFileReference; lastKnownFileType = text.plist.xml; path = Info.plist; sourceTree = "<group>"; };
		AA12B20D1F6E3D6100F9C115 /* NSObject_Utils.swift */ = {isa = PBXFileReference; lastKnownFileType = sourcecode.swift; path = NSObject_Utils.swift; sourceTree = "<group>"; };
		AA12B2211F6E4ADF00F9C115 /* ReadMe.md */ = {isa = PBXFileReference; lastKnownFileType = net.daringfireball.markdown; path = ReadMe.md; sourceTree = "<group>"; };
		AA12B2251F6E505C00F9C115 /* AlarmViewController.swift */ = {isa = PBXFileReference; lastKnownFileType = sourcecode.swift; path = AlarmViewController.swift; sourceTree = "<group>"; };
		AA12B2261F6E509300F9C115 /* AlarmTableViewController.swift */ = {isa = PBXFileReference; lastKnownFileType = sourcecode.swift; path = AlarmTableViewController.swift; sourceTree = "<group>"; };
		AA12B2291F6E51EB00F9C115 /* AlarmButtonController.swift */ = {isa = PBXFileReference; lastKnownFileType = sourcecode.swift; path = AlarmButtonController.swift; sourceTree = "<group>"; };
		AA12B22B1F6E616F00F9C115 /* UITableViewCell_Utils.swift */ = {isa = PBXFileReference; lastKnownFileType = sourcecode.swift; path = UITableViewCell_Utils.swift; sourceTree = "<group>"; };
		AA12B22F1F6E647B00F9C115 /* en-US */ = {isa = PBXFileReference; lastKnownFileType = file.storyboard; name = "en-US"; path = LaunchScreen.storyboard; sourceTree = "<group>"; };
		AA12B2311F6E647B00F9C115 /* en-US */ = {isa = PBXFileReference; lastKnownFileType = file.storyboard; name = "en-US"; path = Main.storyboard; sourceTree = "<group>"; };
		AA2CFC241F6F0FFF008B0A5E /* UserDefaults_Utils.swift */ = {isa = PBXFileReference; lastKnownFileType = sourcecode.swift; path = UserDefaults_Utils.swift; sourceTree = "<group>"; };
		AA2CFC261F6F130D008B0A5E /* Int_Utils.swift */ = {isa = PBXFileReference; lastKnownFileType = sourcecode.swift; path = Int_Utils.swift; sourceTree = "<group>"; };
		AA2CFC281F6F134B008B0A5E /* Bool_Utils.swift */ = {isa = PBXFileReference; lastKnownFileType = sourcecode.swift; path = Bool_Utils.swift; sourceTree = "<group>"; };
		AA2CFC2A1F6F2F2A008B0A5E /* NSArray_Utils.swift */ = {isa = PBXFileReference; lastKnownFileType = sourcecode.swift; path = NSArray_Utils.swift; sourceTree = "<group>"; };
		AA9BB8A71F7093690026FB84 /* UserNotificationMgr.swift */ = {isa = PBXFileReference; lastKnownFileType = sourcecode.swift; path = UserNotificationMgr.swift; sourceTree = "<group>"; };
		AAA1263C1F76142700D69095 /* AddSoundData.swift */ = {isa = PBXFileReference; lastKnownFileType = sourcecode.swift; path = AddSoundData.swift; sourceTree = "<group>"; };
		AAA1263E1F7614E300D69095 /* Constants.swift */ = {isa = PBXFileReference; lastKnownFileType = sourcecode.swift; path = Constants.swift; sourceTree = "<group>"; };
		AAA126401F761BBF00D69095 /* UITableView_Utils.swift */ = {isa = PBXFileReference; lastKnownFileType = sourcecode.swift; path = UITableView_Utils.swift; sourceTree = "<group>"; };
		AAB638161F70EB670050EB33 /* Bundle_Utils.swift */ = {isa = PBXFileReference; lastKnownFileType = sourcecode.swift; path = Bundle_Utils.swift; sourceTree = "<group>"; };
		AAB638181F70FF180050EB33 /* SoundMgr.swift */ = {isa = PBXFileReference; lastKnownFileType = sourcecode.swift; path = SoundMgr.swift; sourceTree = "<group>"; };
		AAB76B0C1F6EEB5000D25843 /* NotificationMessages.swift */ = {isa = PBXFileReference; lastKnownFileType = sourcecode.swift; path = NotificationMessages.swift; sourceTree = "<group>"; };
		AAB76B0E1F6EEBEE00D25843 /* NotificationName_Utils.swift */ = {isa = PBXFileReference; lastKnownFileType = sourcecode.swift; path = NotificationName_Utils.swift; sourceTree = "<group>"; };
		AAD104151F6F396500C93396 /* Array_Utils.swift */ = {isa = PBXFileReference; lastKnownFileType = sourcecode.swift; path = Array_Utils.swift; sourceTree = "<group>"; };
		AAD429441F6E65D00082BF5A /* en-US */ = {isa = PBXFileReference; lastKnownFileType = text.plist.strings; name = "en-US"; path = alertTable.strings; sourceTree = "<group>"; };
		AAD429471F6E66AF0082BF5A /* LocalizedStringKeys.swift */ = {isa = PBXFileReference; fileEncoding = 4; lastKnownFileType = sourcecode.swift; path = LocalizedStringKeys.swift; sourceTree = "<group>"; };
		AAF106D11F711CE000FD89DC /* PeelAlarmContentExtension.appex */ = {isa = PBXFileReference; explicitFileType = "wrapper.app-extension"; includeInIndex = 0; path = PeelAlarmContentExtension.appex; sourceTree = BUILT_PRODUCTS_DIR; };
		AAF106D31F711CE000FD89DC /* UserNotifications.framework */ = {isa = PBXFileReference; lastKnownFileType = wrapper.framework; name = UserNotifications.framework; path = System/Library/Frameworks/UserNotifications.framework; sourceTree = SDKROOT; };
		AAF106D51F711CE000FD89DC /* UserNotificationsUI.framework */ = {isa = PBXFileReference; lastKnownFileType = wrapper.framework; name = UserNotificationsUI.framework; path = System/Library/Frameworks/UserNotificationsUI.framework; sourceTree = SDKROOT; };
		AAF106D81F711CE000FD89DC /* NotificationViewController.swift */ = {isa = PBXFileReference; lastKnownFileType = sourcecode.swift; path = NotificationViewController.swift; sourceTree = "<group>"; };
		AAF106DB1F711CE000FD89DC /* Base */ = {isa = PBXFileReference; lastKnownFileType = file.storyboard; name = Base; path = Base.lproj/MainInterface.storyboard; sourceTree = "<group>"; };
		AAF106DD1F711CE000FD89DC /* Info.plist */ = {isa = PBXFileReference; lastKnownFileType = text.plist.xml; path = Info.plist; sourceTree = "<group>"; };
		AAF68E501F6E873300F609E3 /* AlarmItem.swift */ = {isa = PBXFileReference; lastKnownFileType = sourcecode.swift; path = AlarmItem.swift; sourceTree = "<group>"; };
		AAF68E521F6E87D500F609E3 /* CustomStringConvertible_Utils.swift */ = {isa = PBXFileReference; lastKnownFileType = sourcecode.swift; path = CustomStringConvertible_Utils.swift; sourceTree = "<group>"; };
		AAF68E541F6E8ADF00F609E3 /* String_Utils.swift */ = {isa = PBXFileReference; lastKnownFileType = sourcecode.swift; path = String_Utils.swift; sourceTree = "<group>"; };
		AAF68E571F6ED6B800F609E3 /* ArchiveMgr.swift */ = {isa = PBXFileReference; lastKnownFileType = sourcecode.swift; path = ArchiveMgr.swift; sourceTree = "<group>"; };
		AAF68E591F6EDA7200F609E3 /* FileManager_Utils.swift */ = {isa = PBXFileReference; lastKnownFileType = sourcecode.swift; path = FileManager_Utils.swift; sourceTree = "<group>"; };
		AAF68E5B1F6EDCE000F609E3 /* AlarmDataController.swift */ = {isa = PBXFileReference; lastKnownFileType = sourcecode.swift; path = AlarmDataController.swift; sourceTree = "<group>"; };
		AAF68E5D1F6EE07100F609E3 /* AlarmData.swift */ = {isa = PBXFileReference; lastKnownFileType = sourcecode.swift; path = AlarmData.swift; sourceTree = "<group>"; };
		AAF68E5F1F6EE0F400F609E3 /* NSLock_Utils.swift */ = {isa = PBXFileReference; lastKnownFileType = sourcecode.swift; path = NSLock_Utils.swift; sourceTree = "<group>"; };
		AAF791051F6F965500590C48 /* UIAlertController_Utils.swift */ = {isa = PBXFileReference; lastKnownFileType = sourcecode.swift; path = UIAlertController_Utils.swift; sourceTree = "<group>"; };
		AAF791081F6FA56E00590C48 /* AddAlarmViewController.swift */ = {isa = PBXFileReference; lastKnownFileType = sourcecode.swift; path = AddAlarmViewController.swift; sourceTree = "<group>"; };
		AAF7910A1F6FA75100590C48 /* AddAlarmProtocol.swift */ = {isa = PBXFileReference; lastKnownFileType = sourcecode.swift; path = AddAlarmProtocol.swift; sourceTree = "<group>"; };
		AAF7910C1F6FA8E500590C48 /* AddAlarmButtonController.swift */ = {isa = PBXFileReference; lastKnownFileType = sourcecode.swift; path = AddAlarmButtonController.swift; sourceTree = "<group>"; };
		AAF7910E1F6FB7BB00590C48 /* UIViewController_Utils.swift */ = {isa = PBXFileReference; lastKnownFileType = sourcecode.swift; path = UIViewController_Utils.swift; sourceTree = "<group>"; };
		AAF791101F6FBC3900590C48 /* AddAlarmPickerController.swift */ = {isa = PBXFileReference; lastKnownFileType = sourcecode.swift; path = AddAlarmPickerController.swift; sourceTree = "<group>"; };
		AAF791121F6FC1CA00590C48 /* Date_Utils.swift */ = {isa = PBXFileReference; lastKnownFileType = sourcecode.swift; path = Date_Utils.swift; sourceTree = "<group>"; };
		AAF791141F7027B600590C48 /* AddAlarmTableViewController.swift */ = {isa = PBXFileReference; lastKnownFileType = sourcecode.swift; path = AddAlarmTableViewController.swift; sourceTree = "<group>"; };
		AAF791191F7039BD00590C48 /* AddSoundViewController.swift */ = {isa = PBXFileReference; lastKnownFileType = sourcecode.swift; path = AddSoundViewController.swift; sourceTree = "<group>"; };
		AAF7911B1F7039E800590C48 /* AddImageViewController.swift */ = {isa = PBXFileReference; lastKnownFileType = sourcecode.swift; path = AddImageViewController.swift; sourceTree = "<group>"; };
		AAF7911D1F7039FC00590C48 /* AddVideoViewController.swift */ = {isa = PBXFileReference; lastKnownFileType = sourcecode.swift; path = AddVideoViewController.swift; sourceTree = "<group>"; };
		AAF7911F1F703F0800590C48 /* AddImageButtonController.swift */ = {isa = PBXFileReference; lastKnownFileType = sourcecode.swift; path = AddImageButtonController.swift; sourceTree = "<group>"; };
		AAF791211F703FA700590C48 /* AddSoundButtonController.swift */ = {isa = PBXFileReference; lastKnownFileType = sourcecode.swift; path = AddSoundButtonController.swift; sourceTree = "<group>"; };
		AAF791231F703FB900590C48 /* AddVideoButtonController.swift */ = {isa = PBXFileReference; lastKnownFileType = sourcecode.swift; path = AddVideoButtonController.swift; sourceTree = "<group>"; };
		AAF791251F7041E200590C48 /* AddVideoTableViewController.swift */ = {isa = PBXFileReference; lastKnownFileType = sourcecode.swift; path = AddVideoTableViewController.swift; sourceTree = "<group>"; };
		AAF791271F70420500590C48 /* AddSoundTableViewController.swift */ = {isa = PBXFileReference; lastKnownFileType = sourcecode.swift; path = AddSoundTableViewController.swift; sourceTree = "<group>"; };
		AAF791291F70421F00590C48 /* AddImageTableViewController.swift */ = {isa = PBXFileReference; lastKnownFileType = sourcecode.swift; path = AddImageTableViewController.swift; sourceTree = "<group>"; };
		AAF7912B1F70468200590C48 /* AddVideoProtocol.swift */ = {isa = PBXFileReference; lastKnownFileType = sourcecode.swift; path = AddVideoProtocol.swift; sourceTree = "<group>"; };
		AAF7912D1F70469300590C48 /* AddSoundProtocol.swift */ = {isa = PBXFileReference; lastKnownFileType = sourcecode.swift; path = AddSoundProtocol.swift; sourceTree = "<group>"; };
		AAF7912F1F70469E00590C48 /* AddImageProtocol.swift */ = {isa = PBXFileReference; lastKnownFileType = sourcecode.swift; path = AddImageProtocol.swift; sourceTree = "<group>"; };
		AAF791311F705DEB00590C48 /* AddAlarmTextFieldController.swift */ = {isa = PBXFileReference; lastKnownFileType = sourcecode.swift; path = AddAlarmTextFieldController.swift; sourceTree = "<group>"; };
		AAF791331F708AFB00590C48 /* UIApplication_Utils.swift */ = {isa = PBXFileReference; lastKnownFileType = sourcecode.swift; path = UIApplication_Utils.swift; sourceTree = "<group>"; };
		AAFF983F1F78436100F1D454 /* AddImageData.swift */ = {isa = PBXFileReference; lastKnownFileType = sourcecode.swift; path = AddImageData.swift; sourceTree = "<group>"; };
		AAFF98441F7844A900F1D454 /* Alarm Clock Bell.caf */ = {isa = PBXFileReference; lastKnownFileType = file; path = "Alarm Clock Bell.caf"; sourceTree = "<group>"; };
		AAFF98451F7844A900F1D454 /* Big Waterfall.caf */ = {isa = PBXFileReference; lastKnownFileType = file; path = "Big Waterfall.caf"; sourceTree = "<group>"; };
		AAFF98461F7844A900F1D454 /* Bubbles.caf */ = {isa = PBXFileReference; lastKnownFileType = file; path = Bubbles.caf; sourceTree = "<group>"; };
		AAFF98471F7844A900F1D454 /* Canoe Paddle.caf */ = {isa = PBXFileReference; lastKnownFileType = file; path = "Canoe Paddle.caf"; sourceTree = "<group>"; };
		AAFF98481F7844A900F1D454 /* Hard Rain.caf */ = {isa = PBXFileReference; lastKnownFileType = file; path = "Hard Rain.caf"; sourceTree = "<group>"; };
		AAFF98491F7844A900F1D454 /* Oh Yea.caf */ = {isa = PBXFileReference; lastKnownFileType = file; path = "Oh Yea.caf"; sourceTree = "<group>"; };
		AAFF984A1F7844A900F1D454 /* School Bell Ringing.caf */ = {isa = PBXFileReference; lastKnownFileType = file; path = "School Bell Ringing.caf"; sourceTree = "<group>"; };
		AAFF985C1F78560D00F1D454 /* Colors.xcassets */ = {isa = PBXFileReference; lastKnownFileType = folder.assetcatalog; path = Colors.xcassets; sourceTree = "<group>"; };
		AAFF985F1F785C6900F1D454 /* Images.xcassets */ = {isa = PBXFileReference; lastKnownFileType = folder.assetcatalog; path = Images.xcassets; sourceTree = "<group>"; };
		AAFF98641F78678700F1D454 /* UIImage_Utils.swift */ = {isa = PBXFileReference; lastKnownFileType = sourcecode.swift; path = UIImage_Utils.swift; sourceTree = "<group>"; };
/* End PBXFileReference section */

/* Begin PBXFrameworksBuildPhase section */
		AA12B1E71F6E328000F9C115 /* Frameworks */ = {
			isa = PBXFrameworksBuildPhase;
			buildActionMask = 2147483647;
			files = (
			);
			runOnlyForDeploymentPostprocessing = 0;
		};
		AAF106CE1F711CE000FD89DC /* Frameworks */ = {
			isa = PBXFrameworksBuildPhase;
			buildActionMask = 2147483647;
			files = (
				AAF106D61F711CE000FD89DC /* UserNotificationsUI.framework in Frameworks */,
				AAF106D41F711CE000FD89DC /* UserNotifications.framework in Frameworks */,
			);
			runOnlyForDeploymentPostprocessing = 0;
		};
/* End PBXFrameworksBuildPhase section */

/* Begin PBXGroup section */
		AA12B1E11F6E328000F9C115 = {
			isa = PBXGroup;
			children = (
				AA12B1EC1F6E328000F9C115 /* PeelAlarm */,
				AAF106D71F711CE000FD89DC /* PeelAlarmContentExtension */,
				AAF106D21F711CE000FD89DC /* Frameworks */,
				AA12B1EB1F6E328000F9C115 /* Products */,
			);
			sourceTree = "<group>";
		};
		AA12B1EB1F6E328000F9C115 /* Products */ = {
			isa = PBXGroup;
			children = (
				AA12B1EA1F6E328000F9C115 /* PeelAlarm.app */,
				AAF106D11F711CE000FD89DC /* PeelAlarmContentExtension.appex */,
			);
			name = Products;
			sourceTree = "<group>";
		};
		AA12B1EC1F6E328000F9C115 /* PeelAlarm */ = {
			isa = PBXGroup;
			children = (
				AA12B2031F6E3A7B00F9C115 /* Resources */,
				AA12B20A1F6E3BA800F9C115 /* Source */,
				AA12B2011F6E3A0100F9C115 /* Support Files */,
				AA12B2211F6E4ADF00F9C115 /* ReadMe.md */,
			);
			path = PeelAlarm;
			sourceTree = "<group>";
		};
		AA12B2011F6E3A0100F9C115 /* Support Files */ = {
			isa = PBXGroup;
			children = (
				AA12B1ED1F6E328000F9C115 /* AppDelegate.swift */,
				AA12B1F91F6E328000F9C115 /* Info.plist */,
			);
			path = "Support Files";
			sourceTree = "<group>";
		};
		AA12B2021F6E3A6B00F9C115 /* Assets */ = {
			isa = PBXGroup;
			children = (
				AA12B1F41F6E328000F9C115 /* Assets.xcassets */,
			);
			path = Assets;
			sourceTree = "<group>";
		};
		AA12B2031F6E3A7B00F9C115 /* Resources */ = {
			isa = PBXGroup;
			children = (
				AAFF98611F785CC900F1D454 /* Colors */,
				AA12B2021F6E3A6B00F9C115 /* Assets */,
				AAFF98411F7844A900F1D454 /* AlertLocal */,
				AA12B2041F6E3B2D00F9C115 /* Displays */,
				AA12B2341F6E649C00F9C115 /* Strings */,
			);
			path = Resources;
			sourceTree = "<group>";
		};
		AA12B2041F6E3B2D00F9C115 /* Displays */ = {
			isa = PBXGroup;
			children = (
				AA12B22D1F6E647B00F9C115 /* en-US.lproj */,
			);
			path = Displays;
			sourceTree = "<group>";
		};
		AA12B20A1F6E3BA800F9C115 /* Source */ = {
			isa = PBXGroup;
			children = (
				AAD429461F6E668D0082BF5A /* Constants */,
				AA12B20C1F6E3D5100F9C115 /* Extensions */,
				AAF68E4F1F6E870900F609E3 /* Models */,
				AAF68E561F6ED67700F609E3 /* Singletons */,
				AA12B2231F6E505C00F9C115 /* ViewControllers */,
			);
			path = Source;
			sourceTree = "<group>";
		};
		AA12B20C1F6E3D5100F9C115 /* Extensions */ = {
			isa = PBXGroup;
			children = (
				AAD104151F6F396500C93396 /* Array_Utils.swift */,
				AA2CFC281F6F134B008B0A5E /* Bool_Utils.swift */,
				AAB638161F70EB670050EB33 /* Bundle_Utils.swift */,
				AAF68E521F6E87D500F609E3 /* CustomStringConvertible_Utils.swift */,
				AAF791121F6FC1CA00590C48 /* Date_Utils.swift */,
				AAF68E591F6EDA7200F609E3 /* FileManager_Utils.swift */,
				AA2CFC261F6F130D008B0A5E /* Int_Utils.swift */,
				AAB76B0E1F6EEBEE00D25843 /* NotificationName_Utils.swift */,
				AA2CFC2A1F6F2F2A008B0A5E /* NSArray_Utils.swift */,
				AAF68E5F1F6EE0F400F609E3 /* NSLock_Utils.swift */,
				AA12B20D1F6E3D6100F9C115 /* NSObject_Utils.swift */,
				AAF68E541F6E8ADF00F609E3 /* String_Utils.swift */,
				AAF791051F6F965500590C48 /* UIAlertController_Utils.swift */,
				AAF791331F708AFB00590C48 /* UIApplication_Utils.swift */,
				AAFF98641F78678700F1D454 /* UIImage_Utils.swift */,
				AAA126401F761BBF00D69095 /* UITableView_Utils.swift */,
				AA12B22B1F6E616F00F9C115 /* UITableViewCell_Utils.swift */,
				AAF7910E1F6FB7BB00590C48 /* UIViewController_Utils.swift */,
				AA2CFC241F6F0FFF008B0A5E /* UserDefaults_Utils.swift */,
			);
			path = Extensions;
			sourceTree = "<group>";
		};
		AA12B2231F6E505C00F9C115 /* ViewControllers */ = {
			isa = PBXGroup;
			children = (
				AAF791071F6FA55F00590C48 /* AddAlarm */,
				AA12B2241F6E505C00F9C115 /* Alarm */,
				AAF791181F70399C00590C48 /* Images */,
				AAF791171F70399C00590C48 /* Sounds */,
				AAF791161F70399B00590C48 /* Videos */,
			);
			path = ViewControllers;
			sourceTree = "<group>";
		};
		AA12B2241F6E505C00F9C115 /* Alarm */ = {
			isa = PBXGroup;
			children = (
				AA12B2251F6E505C00F9C115 /* AlarmViewController.swift */,
				AAF68E5D1F6EE07100F609E3 /* AlarmData.swift */,
				AA12B2291F6E51EB00F9C115 /* AlarmButtonController.swift */,
				AA12B2261F6E509300F9C115 /* AlarmTableViewController.swift */,
			);
			path = Alarm;
			sourceTree = "<group>";
		};
		AA12B22D1F6E647B00F9C115 /* en-US.lproj */ = {
			isa = PBXGroup;
			children = (
				AA12B22E1F6E647B00F9C115 /* LaunchScreen.storyboard */,
				AA12B2301F6E647B00F9C115 /* Main.storyboard */,
			);
			path = "en-US.lproj";
			sourceTree = "<group>";
		};
		AA12B2341F6E649C00F9C115 /* Strings */ = {
			isa = PBXGroup;
			children = (
				AAD429421F6E65A60082BF5A /* en-US.lproj */,
			);
			path = Strings;
			sourceTree = "<group>";
		};
		AAD429421F6E65A60082BF5A /* en-US.lproj */ = {
			isa = PBXGroup;
			children = (
				AAD429431F6E65D00082BF5A /* alertTable.strings */,
			);
			path = "en-US.lproj";
			sourceTree = "<group>";
		};
		AAD429461F6E668D0082BF5A /* Constants */ = {
			isa = PBXGroup;
			children = (
				AAD429471F6E66AF0082BF5A /* LocalizedStringKeys.swift */,
				AAB76B0C1F6EEB5000D25843 /* NotificationMessages.swift */,
				AAA1263E1F7614E300D69095 /* Constants.swift */,
			);
			path = Constants;
			sourceTree = "<group>";
		};
		AAF106D21F711CE000FD89DC /* Frameworks */ = {
			isa = PBXGroup;
			children = (
				AAF106D31F711CE000FD89DC /* UserNotifications.framework */,
				AAF106D51F711CE000FD89DC /* UserNotificationsUI.framework */,
			);
			name = Frameworks;
			sourceTree = "<group>";
		};
		AAF106D71F711CE000FD89DC /* PeelAlarmContentExtension */ = {
			isa = PBXGroup;
			children = (
				AAF106D81F711CE000FD89DC /* NotificationViewController.swift */,
				AAF106DA1F711CE000FD89DC /* MainInterface.storyboard */,
				AAF106DD1F711CE000FD89DC /* Info.plist */,
			);
			path = PeelAlarmContentExtension;
			sourceTree = "<group>";
		};
		AAF68E4F1F6E870900F609E3 /* Models */ = {
			isa = PBXGroup;
			children = (
				AAF68E501F6E873300F609E3 /* AlarmItem.swift */,
			);
			path = Models;
			sourceTree = "<group>";
		};
		AAF68E561F6ED67700F609E3 /* Singletons */ = {
			isa = PBXGroup;
			children = (
				AAF68E5B1F6EDCE000F609E3 /* AlarmDataController.swift */,
				AAF68E571F6ED6B800F609E3 /* ArchiveMgr.swift */,
				AAB638181F70FF180050EB33 /* SoundMgr.swift */,
				AA9BB8A71F7093690026FB84 /* UserNotificationMgr.swift */,
			);
			path = Singletons;
			sourceTree = "<group>";
		};
		AAF791071F6FA55F00590C48 /* AddAlarm */ = {
			isa = PBXGroup;
			children = (
				AAF791081F6FA56E00590C48 /* AddAlarmViewController.swift */,
				AAF7910C1F6FA8E500590C48 /* AddAlarmButtonController.swift */,
				AAF791311F705DEB00590C48 /* AddAlarmTextFieldController.swift */,
				AAF791101F6FBC3900590C48 /* AddAlarmPickerController.swift */,
				AAF7910A1F6FA75100590C48 /* AddAlarmProtocol.swift */,
				AAF791141F7027B600590C48 /* AddAlarmTableViewController.swift */,
			);
			path = AddAlarm;
			sourceTree = "<group>";
		};
		AAF791161F70399B00590C48 /* Videos */ = {
			isa = PBXGroup;
			children = (
				AAF7911D1F7039FC00590C48 /* AddVideoViewController.swift */,
				AAF791231F703FB900590C48 /* AddVideoButtonController.swift */,
				AAF7912B1F70468200590C48 /* AddVideoProtocol.swift */,
				AAF791251F7041E200590C48 /* AddVideoTableViewController.swift */,
			);
			path = Videos;
			sourceTree = "<group>";
		};
		AAF791171F70399C00590C48 /* Sounds */ = {
			isa = PBXGroup;
			children = (
				AAF791191F7039BD00590C48 /* AddSoundViewController.swift */,
				AAA1263C1F76142700D69095 /* AddSoundData.swift */,
				AAF791211F703FA700590C48 /* AddSoundButtonController.swift */,
				AAF7912D1F70469300590C48 /* AddSoundProtocol.swift */,
				AAF791271F70420500590C48 /* AddSoundTableViewController.swift */,
			);
			path = Sounds;
			sourceTree = "<group>";
		};
		AAF791181F70399C00590C48 /* Images */ = {
			isa = PBXGroup;
			children = (
				AAF7911B1F7039E800590C48 /* AddImageViewController.swift */,
				AAFF983F1F78436100F1D454 /* AddImageData.swift */,
				AAF7911F1F703F0800590C48 /* AddImageButtonController.swift */,
				AAF7912F1F70469E00590C48 /* AddImageProtocol.swift */,
				AAF791291F70421F00590C48 /* AddImageTableViewController.swift */,
			);
			path = Images;
			sourceTree = "<group>";
		};
		AAFF98411F7844A900F1D454 /* AlertLocal */ = {
			isa = PBXGroup;
			children = (
				AAFF985E1F785C5700F1D454 /* Images */,
				AAFF98431F7844A900F1D454 /* Sounds */,
			);
			path = AlertLocal;
			sourceTree = "<group>";
		};
		AAFF98431F7844A900F1D454 /* Sounds */ = {
			isa = PBXGroup;
			children = (
				AAFF98441F7844A900F1D454 /* Alarm Clock Bell.caf */,
				AAFF98451F7844A900F1D454 /* Big Waterfall.caf */,
				AAFF98461F7844A900F1D454 /* Bubbles.caf */,
				AAFF98471F7844A900F1D454 /* Canoe Paddle.caf */,
				AAFF98481F7844A900F1D454 /* Hard Rain.caf */,
				AAFF98491F7844A900F1D454 /* Oh Yea.caf */,
				AAFF984A1F7844A900F1D454 /* School Bell Ringing.caf */,
			);
			path = Sounds;
			sourceTree = "<group>";
		};
		AAFF985E1F785C5700F1D454 /* Images */ = {
			isa = PBXGroup;
			children = (
				AAFF985F1F785C6900F1D454 /* Images.xcassets */,
			);
			path = Images;
			sourceTree = "<group>";
		};
		AAFF98611F785CC900F1D454 /* Colors */ = {
			isa = PBXGroup;
			children = (
				AAFF985C1F78560D00F1D454 /* Colors.xcassets */,
			);
			path = Colors;
			sourceTree = "<group>";
		};
/* End PBXGroup section */

/* Begin PBXNativeTarget section */
		AA12B1E91F6E328000F9C115 /* PeelAlarm */ = {
			isa = PBXNativeTarget;
			buildConfigurationList = AA12B1FC1F6E328000F9C115 /* Build configuration list for PBXNativeTarget "PeelAlarm" */;
			buildPhases = (
				AA12B1E61F6E328000F9C115 /* Sources */,
				AA12B1E71F6E328000F9C115 /* Frameworks */,
				AA12B1E81F6E328000F9C115 /* Resources */,
				AAF106E01F711CE000FD89DC /* Embed App Extensions */,
			);
			buildRules = (
			);
			dependencies = (
				AAF106DF1F711CE000FD89DC /* PBXTargetDependency */,
			);
			name = PeelAlarm;
			productName = PeelAlarm;
			productReference = AA12B1EA1F6E328000F9C115 /* PeelAlarm.app */;
			productType = "com.apple.product-type.application";
		};
		AAF106D01F711CE000FD89DC /* PeelAlarmContentExtension */ = {
			isa = PBXNativeTarget;
			buildConfigurationList = AAF106E41F711CE000FD89DC /* Build configuration list for PBXNativeTarget "PeelAlarmContentExtension" */;
			buildPhases = (
				AAF106CD1F711CE000FD89DC /* Sources */,
				AAF106CE1F711CE000FD89DC /* Frameworks */,
				AAF106CF1F711CE000FD89DC /* Resources */,
			);
			buildRules = (
			);
			dependencies = (
			);
			name = PeelAlarmContentExtension;
			productName = PeelAlarmContentExtension;
			productReference = AAF106D11F711CE000FD89DC /* PeelAlarmContentExtension.appex */;
			productType = "com.apple.product-type.app-extension";
		};
/* End PBXNativeTarget section */

/* Begin PBXProject section */
		AA12B1E21F6E328000F9C115 /* Project object */ = {
			isa = PBXProject;
			attributes = {
				LastSwiftUpdateCheck = 0900;
				LastUpgradeCheck = 0900;
				ORGANIZATIONNAME = Cemico;
				TargetAttributes = {
					AA12B1E91F6E328000F9C115 = {
						CreatedOnToolsVersion = 9.0;
						ProvisioningStyle = Automatic;
					};
					AAF106D01F711CE000FD89DC = {
						CreatedOnToolsVersion = 9.0;
						ProvisioningStyle = Automatic;
					};
				};
			};
			buildConfigurationList = AA12B1E51F6E328000F9C115 /* Build configuration list for PBXProject "PeelAlarm" */;
			compatibilityVersion = "Xcode 8.0";
			developmentRegion = en;
			hasScannedForEncodings = 0;
			knownRegions = (
				en,
				"en-US",
				Base,
			);
			mainGroup = AA12B1E11F6E328000F9C115;
			productRefGroup = AA12B1EB1F6E328000F9C115 /* Products */;
			projectDirPath = "";
			projectRoot = "";
			targets = (
				AA12B1E91F6E328000F9C115 /* PeelAlarm */,
				AAF106D01F711CE000FD89DC /* PeelAlarmContentExtension */,
			);
		};
/* End PBXProject section */

/* Begin PBXResourcesBuildPhase section */
		AA12B1E81F6E328000F9C115 /* Resources */ = {
			isa = PBXResourcesBuildPhase;
			buildActionMask = 2147483647;
			files = (
				AAFF984E1F7844D400F1D454 /* Canoe Paddle.caf in Resources */,
				AA12B1F51F6E328000F9C115 /* Assets.xcassets in Resources */,
				AAFF985D1F78560D00F1D454 /* Colors.xcassets in Resources */,
				AAFF98601F785C6900F1D454 /* Images.xcassets in Resources */,
				AAD429451F6E65D00082BF5A /* alertTable.strings in Resources */,
				AAFF984B1F7844CB00F1D454 /* Alarm Clock Bell.caf in Resources */,
				AAFF98501F7844D900F1D454 /* Oh Yea.caf in Resources */,
				AA12B2321F6E648300F9C115 /* LaunchScreen.storyboard in Resources */,
				AA12B2331F6E648700F9C115 /* Main.storyboard in Resources */,
				AAFF984C1F7844CF00F1D454 /* Big Waterfall.caf in Resources */,
				AAFF984D1F7844D100F1D454 /* Bubbles.caf in Resources */,
				AAFF984F1F7844D600F1D454 /* Hard Rain.caf in Resources */,
				AAFF98511F7844DC00F1D454 /* School Bell Ringing.caf in Resources */,
			);
			runOnlyForDeploymentPostprocessing = 0;
		};
		AAF106CF1F711CE000FD89DC /* Resources */ = {
			isa = PBXResourcesBuildPhase;
			buildActionMask = 2147483647;
			files = (
				AAFF98621F7865D700F1D454 /* Images.xcassets in Resources */,
				AAF106DC1F711CE000FD89DC /* MainInterface.storyboard in Resources */,
			);
			runOnlyForDeploymentPostprocessing = 0;
		};
/* End PBXResourcesBuildPhase section */

/* Begin PBXSourcesBuildPhase section */
		AA12B1E61F6E328000F9C115 /* Sources */ = {
			isa = PBXSourcesBuildPhase;
			buildActionMask = 2147483647;
			files = (
				AAF791321F705DEB00590C48 /* AddAlarmTextFieldController.swift in Sources */,
				AA12B22A1F6E51EB00F9C115 /* AlarmButtonController.swift in Sources */,
				AAF68E511F6E873300F609E3 /* AlarmItem.swift in Sources */,
				AAF7911C1F7039E800590C48 /* AddImageViewController.swift in Sources */,
				AAF7912C1F70468200590C48 /* AddVideoProtocol.swift in Sources */,
				AAF68E551F6E8ADF00F609E3 /* String_Utils.swift in Sources */,
				AA2CFC291F6F134B008B0A5E /* Bool_Utils.swift in Sources */,
				AAF7912E1F70469300590C48 /* AddSoundProtocol.swift in Sources */,
				AAF791241F703FB900590C48 /* AddVideoButtonController.swift in Sources */,
				AA2CFC2B1F6F2F2A008B0A5E /* NSArray_Utils.swift in Sources */,
				AAB638191F70FF180050EB33 /* SoundMgr.swift in Sources */,
				AA12B2281F6E51C600F9C115 /* AlarmViewController.swift in Sources */,
				AAF791201F703F0800590C48 /* AddImageButtonController.swift in Sources */,
				AAF791221F703FA700590C48 /* AddSoundButtonController.swift in Sources */,
				AAB76B0D1F6EEB5000D25843 /* NotificationMessages.swift in Sources */,
				AAF68E581F6ED6B800F609E3 /* ArchiveMgr.swift in Sources */,
				AAF68E531F6E87D500F609E3 /* CustomStringConvertible_Utils.swift in Sources */,
				AAF791281F70420500590C48 /* AddSoundTableViewController.swift in Sources */,
				AAF791111F6FBC3900590C48 /* AddAlarmPickerController.swift in Sources */,
				AAF68E5C1F6EDCE000F609E3 /* AlarmDataController.swift in Sources */,
				AAF7912A1F70421F00590C48 /* AddImageTableViewController.swift in Sources */,
				AAF791301F70469E00590C48 /* AddImageProtocol.swift in Sources */,
				AA12B20E1F6E3D6100F9C115 /* NSObject_Utils.swift in Sources */,
				AAF791131F6FC1CA00590C48 /* Date_Utils.swift in Sources */,
				AAD429481F6E66AF0082BF5A /* LocalizedStringKeys.swift in Sources */,
				AAF791091F6FA56E00590C48 /* AddAlarmViewController.swift in Sources */,
				AA12B2271F6E509300F9C115 /* AlarmTableViewController.swift in Sources */,
				AAF791341F708AFB00590C48 /* UIApplication_Utils.swift in Sources */,
				AAF68E5A1F6EDA7200F609E3 /* FileManager_Utils.swift in Sources */,
				AAF7911E1F7039FC00590C48 /* AddVideoViewController.swift in Sources */,
				AAB638171F70EB670050EB33 /* Bundle_Utils.swift in Sources */,
				AAFF98651F78678700F1D454 /* UIImage_Utils.swift in Sources */,
				AAF791151F7027B600590C48 /* AddAlarmTableViewController.swift in Sources */,
				AAB76B0F1F6EEBEE00D25843 /* NotificationName_Utils.swift in Sources */,
				AAA126411F761BBF00D69095 /* UITableView_Utils.swift in Sources */,
				AAF7910F1F6FB7BB00590C48 /* UIViewController_Utils.swift in Sources */,
				AA2CFC271F6F130D008B0A5E /* Int_Utils.swift in Sources */,
				AA9BB8A81F7093690026FB84 /* UserNotificationMgr.swift in Sources */,
				AAF7910B1F6FA75100590C48 /* AddAlarmProtocol.swift in Sources */,
				AA12B1EE1F6E328000F9C115 /* AppDelegate.swift in Sources */,
				AAF7911A1F7039BD00590C48 /* AddSoundViewController.swift in Sources */,
				AAD104161F6F396500C93396 /* Array_Utils.swift in Sources */,
				AAF791061F6F965500590C48 /* UIAlertController_Utils.swift in Sources */,
				AAA1263D1F76142700D69095 /* AddSoundData.swift in Sources */,
				AA12B22C1F6E616F00F9C115 /* UITableViewCell_Utils.swift in Sources */,
				AAF791261F7041E200590C48 /* AddVideoTableViewController.swift in Sources */,
				AAF68E601F6EE0F400F609E3 /* NSLock_Utils.swift in Sources */,
				AAF7910D1F6FA8E500590C48 /* AddAlarmButtonController.swift in Sources */,
				AAA1263F1F7614E300D69095 /* Constants.swift in Sources */,
				AAF68E5E1F6EE07100F609E3 /* AlarmData.swift in Sources */,
				AA2CFC251F6F0FFF008B0A5E /* UserDefaults_Utils.swift in Sources */,
				AAFF98401F78436100F1D454 /* AddImageData.swift in Sources */,
			);
			runOnlyForDeploymentPostprocessing = 0;
		};
		AAF106CD1F711CE000FD89DC /* Sources */ = {
			isa = PBXSourcesBuildPhase;
			buildActionMask = 2147483647;
			files = (
				AAF106D91F711CE000FD89DC /* NotificationViewController.swift in Sources */,
				AA65E4341F713CF900E6AD56 /* SoundMgr.swift in Sources */,
				AA65E4331F713C6300E6AD56 /* Date_Utils.swift in Sources */,
				AAFF98631F78674F00F1D454 /* Constants.swift in Sources */,
				AAFF98661F78678700F1D454 /* UIImage_Utils.swift in Sources */,
			);
			runOnlyForDeploymentPostprocessing = 0;
		};
/* End PBXSourcesBuildPhase section */

/* Begin PBXTargetDependency section */
		AAF106DF1F711CE000FD89DC /* PBXTargetDependency */ = {
			isa = PBXTargetDependency;
			target = AAF106D01F711CE000FD89DC /* PeelAlarmContentExtension */;
			targetProxy = AAF106DE1F711CE000FD89DC /* PBXContainerItemProxy */;
		};
/* End PBXTargetDependency section */

/* Begin PBXVariantGroup section */
		AA12B22E1F6E647B00F9C115 /* LaunchScreen.storyboard */ = {
			isa = PBXVariantGroup;
			children = (
				AA12B22F1F6E647B00F9C115 /* en-US */,
			);
			name = LaunchScreen.storyboard;
			sourceTree = "<group>";
		};
		AA12B2301F6E647B00F9C115 /* Main.storyboard */ = {
			isa = PBXVariantGroup;
			children = (
				AA12B2311F6E647B00F9C115 /* en-US */,
			);
			name = Main.storyboard;
			sourceTree = "<group>";
		};
		AAD429431F6E65D00082BF5A /* alertTable.strings */ = {
			isa = PBXVariantGroup;
			children = (
				AAD429441F6E65D00082BF5A /* en-US */,
			);
			name = alertTable.strings;
			sourceTree = "<group>";
		};
		AAF106DA1F711CE000FD89DC /* MainInterface.storyboard */ = {
			isa = PBXVariantGroup;
			children = (
				AAF106DB1F711CE000FD89DC /* Base */,
			);
			name = MainInterface.storyboard;
			sourceTree = "<group>";
		};
/* End PBXVariantGroup section */

/* Begin XCBuildConfiguration section */
		AA12B1FA1F6E328000F9C115 /* Debug */ = {
			isa = XCBuildConfiguration;
			buildSettings = {
				ALWAYS_SEARCH_USER_PATHS = NO;
				CLANG_ANALYZER_LOCALIZABILITY_NONLOCALIZED = YES;
				CLANG_ANALYZER_NONNULL = YES;
				CLANG_ANALYZER_NUMBER_OBJECT_CONVERSION = YES_AGGRESSIVE;
				CLANG_CXX_LANGUAGE_STANDARD = "gnu++14";
				CLANG_CXX_LIBRARY = "libc++";
				CLANG_ENABLE_MODULES = YES;
				CLANG_ENABLE_OBJC_ARC = YES;
				CLANG_WARN_BLOCK_CAPTURE_AUTORELEASING = YES;
				CLANG_WARN_BOOL_CONVERSION = YES;
				CLANG_WARN_COMMA = YES;
				CLANG_WARN_CONSTANT_CONVERSION = YES;
				CLANG_WARN_DIRECT_OBJC_ISA_USAGE = YES_ERROR;
				CLANG_WARN_DOCUMENTATION_COMMENTS = YES;
				CLANG_WARN_EMPTY_BODY = YES;
				CLANG_WARN_ENUM_CONVERSION = YES;
				CLANG_WARN_INFINITE_RECURSION = YES;
				CLANG_WARN_INT_CONVERSION = YES;
				CLANG_WARN_NON_LITERAL_NULL_CONVERSION = YES;
				CLANG_WARN_OBJC_LITERAL_CONVERSION = YES;
				CLANG_WARN_OBJC_ROOT_CLASS = YES_ERROR;
				CLANG_WARN_RANGE_LOOP_ANALYSIS = YES;
				CLANG_WARN_STRICT_PROTOTYPES = YES;
				CLANG_WARN_SUSPICIOUS_MOVE = YES;
				CLANG_WARN_UNGUARDED_AVAILABILITY = YES_AGGRESSIVE;
				CLANG_WARN_UNREACHABLE_CODE = YES;
				CLANG_WARN__DUPLICATE_METHOD_MATCH = YES;
				CODE_SIGN_IDENTITY = "iPhone Developer";
				COPY_PHASE_STRIP = NO;
				DEBUG_INFORMATION_FORMAT = dwarf;
				ENABLE_STRICT_OBJC_MSGSEND = YES;
				ENABLE_TESTABILITY = YES;
				GCC_C_LANGUAGE_STANDARD = gnu11;
				GCC_DYNAMIC_NO_PIC = NO;
				GCC_NO_COMMON_BLOCKS = YES;
				GCC_OPTIMIZATION_LEVEL = 0;
				GCC_PREPROCESSOR_DEFINITIONS = (
					"DEBUG=1",
					"$(inherited)",
				);
				GCC_WARN_64_TO_32_BIT_CONVERSION = YES;
				GCC_WARN_ABOUT_RETURN_TYPE = YES_ERROR;
				GCC_WARN_UNDECLARED_SELECTOR = YES;
				GCC_WARN_UNINITIALIZED_AUTOS = YES_AGGRESSIVE;
				GCC_WARN_UNUSED_FUNCTION = YES;
				GCC_WARN_UNUSED_VARIABLE = YES;
				IPHONEOS_DEPLOYMENT_TARGET = 10.3;
				MTL_ENABLE_DEBUG_INFO = YES;
				ONLY_ACTIVE_ARCH = YES;
				SDKROOT = iphoneos;
				SWIFT_ACTIVE_COMPILATION_CONDITIONS = DEBUG;
				SWIFT_OPTIMIZATION_LEVEL = "-Onone";
			};
			name = Debug;
		};
		AA12B1FB1F6E328000F9C115 /* Release */ = {
			isa = XCBuildConfiguration;
			buildSettings = {
				ALWAYS_SEARCH_USER_PATHS = NO;
				CLANG_ANALYZER_LOCALIZABILITY_NONLOCALIZED = YES;
				CLANG_ANALYZER_NONNULL = YES;
				CLANG_ANALYZER_NUMBER_OBJECT_CONVERSION = YES_AGGRESSIVE;
				CLANG_CXX_LANGUAGE_STANDARD = "gnu++14";
				CLANG_CXX_LIBRARY = "libc++";
				CLANG_ENABLE_MODULES = YES;
				CLANG_ENABLE_OBJC_ARC = YES;
				CLANG_WARN_BLOCK_CAPTURE_AUTORELEASING = YES;
				CLANG_WARN_BOOL_CONVERSION = YES;
				CLANG_WARN_COMMA = YES;
				CLANG_WARN_CONSTANT_CONVERSION = YES;
				CLANG_WARN_DIRECT_OBJC_ISA_USAGE = YES_ERROR;
				CLANG_WARN_DOCUMENTATION_COMMENTS = YES;
				CLANG_WARN_EMPTY_BODY = YES;
				CLANG_WARN_ENUM_CONVERSION = YES;
				CLANG_WARN_INFINITE_RECURSION = YES;
				CLANG_WARN_INT_CONVERSION = YES;
				CLANG_WARN_NON_LITERAL_NULL_CONVERSION = YES;
				CLANG_WARN_OBJC_LITERAL_CONVERSION = YES;
				CLANG_WARN_OBJC_ROOT_CLASS = YES_ERROR;
				CLANG_WARN_RANGE_LOOP_ANALYSIS = YES;
				CLANG_WARN_STRICT_PROTOTYPES = YES;
				CLANG_WARN_SUSPICIOUS_MOVE = YES;
				CLANG_WARN_UNGUARDED_AVAILABILITY = YES_AGGRESSIVE;
				CLANG_WARN_UNREACHABLE_CODE = YES;
				CLANG_WARN__DUPLICATE_METHOD_MATCH = YES;
				CODE_SIGN_IDENTITY = "iPhone Developer";
				COPY_PHASE_STRIP = NO;
				DEBUG_INFORMATION_FORMAT = "dwarf-with-dsym";
				ENABLE_NS_ASSERTIONS = NO;
				ENABLE_STRICT_OBJC_MSGSEND = YES;
				GCC_C_LANGUAGE_STANDARD = gnu11;
				GCC_NO_COMMON_BLOCKS = YES;
				GCC_WARN_64_TO_32_BIT_CONVERSION = YES;
				GCC_WARN_ABOUT_RETURN_TYPE = YES_ERROR;
				GCC_WARN_UNDECLARED_SELECTOR = YES;
				GCC_WARN_UNINITIALIZED_AUTOS = YES_AGGRESSIVE;
				GCC_WARN_UNUSED_FUNCTION = YES;
				GCC_WARN_UNUSED_VARIABLE = YES;
				IPHONEOS_DEPLOYMENT_TARGET = 10.3;
				MTL_ENABLE_DEBUG_INFO = NO;
				SDKROOT = iphoneos;
				SWIFT_OPTIMIZATION_LEVEL = "-Owholemodule";
				VALIDATE_PRODUCT = YES;
			};
			name = Release;
		};
		AA12B1FD1F6E328000F9C115 /* Debug */ = {
			isa = XCBuildConfiguration;
			buildSettings = {
				ALWAYS_EMBED_SWIFT_STANDARD_LIBRARIES = YES;
				ASSETCATALOG_COMPILER_APPICON_NAME = AppIcon;
				CODE_SIGN_STYLE = Automatic;
				DEVELOPMENT_TEAM = 2D27P7B34F;
				INFOPLIST_FILE = "PeelAlarm/Support Files/Info.plist";
				IPHONEOS_DEPLOYMENT_TARGET = 10.3;
				LD_RUNPATH_SEARCH_PATHS = "$(inherited) @executable_path/Frameworks";
				PRODUCT_BUNDLE_IDENTIFIER = com.cemico.PeelAlarm;
				PRODUCT_NAME = "$(TARGET_NAME)";
				SWIFT_VERSION = 4.0;
				TARGETED_DEVICE_FAMILY = 1;
			};
			name = Debug;
		};
		AA12B1FE1F6E328000F9C115 /* Release */ = {
			isa = XCBuildConfiguration;
			buildSettings = {
				ALWAYS_EMBED_SWIFT_STANDARD_LIBRARIES = YES;
				ASSETCATALOG_COMPILER_APPICON_NAME = AppIcon;
				CODE_SIGN_STYLE = Automatic;
				DEVELOPMENT_TEAM = 2D27P7B34F;
				INFOPLIST_FILE = "PeelAlarm/Support Files/Info.plist";
				IPHONEOS_DEPLOYMENT_TARGET = 10.3;
				LD_RUNPATH_SEARCH_PATHS = "$(inherited) @executable_path/Frameworks";
				PRODUCT_BUNDLE_IDENTIFIER = com.cemico.PeelAlarm;
				PRODUCT_NAME = "$(TARGET_NAME)";
				SWIFT_VERSION = 4.0;
				TARGETED_DEVICE_FAMILY = 1;
			};
			name = Release;
		};
		AAF106E21F711CE000FD89DC /* Debug */ = {
			isa = XCBuildConfiguration;
			buildSettings = {
				CODE_SIGN_STYLE = Automatic;
				DEVELOPMENT_TEAM = 2D27P7B34F;
				INFOPLIST_FILE = PeelAlarmContentExtension/Info.plist;
				IPHONEOS_DEPLOYMENT_TARGET = 11.0;
				LD_RUNPATH_SEARCH_PATHS = "$(inherited) @executable_path/Frameworks @executable_path/../../Frameworks";
				PRODUCT_BUNDLE_IDENTIFIER = com.cemico.PeelAlarm.PeelAlarmContentExtension;
				PRODUCT_NAME = "$(TARGET_NAME)";
				SKIP_INSTALL = YES;
				SWIFT_VERSION = 4.0;
				TARGETED_DEVICE_FAMILY = "1,2";
			};
			name = Debug;
		};
		AAF106E31F711CE000FD89DC /* Release */ = {
			isa = XCBuildConfiguration;
			buildSettings = {
				CODE_SIGN_STYLE = Automatic;
				DEVELOPMENT_TEAM = 2D27P7B34F;
				INFOPLIST_FILE = PeelAlarmContentExtension/Info.plist;
				IPHONEOS_DEPLOYMENT_TARGET = 11.0;
				LD_RUNPATH_SEARCH_PATHS = "$(inherited) @executable_path/Frameworks @executable_path/../../Frameworks";
				PRODUCT_BUNDLE_IDENTIFIER = com.cemico.PeelAlarm.PeelAlarmContentExtension;
				PRODUCT_NAME = "$(TARGET_NAME)";
				SKIP_INSTALL = YES;
				SWIFT_VERSION = 4.0;
				TARGETED_DEVICE_FAMILY = "1,2";
			};
			name = Release;
		};
/* End XCBuildConfiguration section */

/* Begin XCConfigurationList section */
		AA12B1E51F6E328000F9C115 /* Build configuration list for PBXProject "PeelAlarm" */ = {
			isa = XCConfigurationList;
			buildConfigurations = (
				AA12B1FA1F6E328000F9C115 /* Debug */,
				AA12B1FB1F6E328000F9C115 /* Release */,
			);
			defaultConfigurationIsVisible = 0;
			defaultConfigurationName = Release;
		};
		AA12B1FC1F6E328000F9C115 /* Build configuration list for PBXNativeTarget "PeelAlarm" */ = {
			isa = XCConfigurationList;
			buildConfigurations = (
				AA12B1FD1F6E328000F9C115 /* Debug */,
				AA12B1FE1F6E328000F9C115 /* Release */,
			);
			defaultConfigurationIsVisible = 0;
			defaultConfigurationName = Release;
		};
		AAF106E41F711CE000FD89DC /* Build configuration list for PBXNativeTarget "PeelAlarmContentExtension" */ = {
			isa = XCConfigurationList;
			buildConfigurations = (
				AAF106E21F711CE000FD89DC /* Debug */,
				AAF106E31F711CE000FD89DC /* Release */,
			);
			defaultConfigurationIsVisible = 0;
			defaultConfigurationName = Release;
		};
/* End XCConfigurationList section */
	};
	rootObject = AA12B1E21F6E328000F9C115 /* Project object */;
}
